// !$*UTF8*$!
{
	archiveVersion = 1;
	classes = {
	};
	objectVersion = 46;
	objects = {

/* Begin PBXBuildFile section */
		38B80CBFAD0AACBE939538A1 /* libPods-SpeakEasyApp.a in Frameworks */ = {isa = PBXBuildFile; fileRef = 5EF324B4FCE7B9668A252388 /* libPods-SpeakEasyApp.a */; };
		5C7E78A41B3FBC69007512EA /* Utils.swift in Sources */ = {isa = PBXBuildFile; fileRef = 5C7E78A31B3FBC69007512EA /* Utils.swift */; };
		5CBC310D1B3FA6D7002B8051 /* AppDelegate.swift in Sources */ = {isa = PBXBuildFile; fileRef = 5CBC310C1B3FA6D7002B8051 /* AppDelegate.swift */; };
		5CBC310F1B3FA6D7002B8051 /* ViewController.swift in Sources */ = {isa = PBXBuildFile; fileRef = 5CBC310E1B3FA6D7002B8051 /* ViewController.swift */; };
		5CBC31121B3FA6D7002B8051 /* Main.storyboard in Resources */ = {isa = PBXBuildFile; fileRef = 5CBC31101B3FA6D7002B8051 /* Main.storyboard */; };
		5CBC31141B3FA6D7002B8051 /* Images.xcassets in Resources */ = {isa = PBXBuildFile; fileRef = 5CBC31131B3FA6D7002B8051 /* Images.xcassets */; };
		5CBC31171B3FA6D7002B8051 /* LaunchScreen.xib in Resources */ = {isa = PBXBuildFile; fileRef = 5CBC31151B3FA6D7002B8051 /* LaunchScreen.xib */; };
		5CBC31231B3FA6D7002B8051 /* SpeakEasyAppTests.swift in Sources */ = {isa = PBXBuildFile; fileRef = 5CBC31221B3FA6D7002B8051 /* SpeakEasyAppTests.swift */; };
		6F3933A5A9D87DE4CEAF82B2 /* libPods.a in Frameworks */ = {isa = PBXBuildFile; fileRef = 70559194BE410DBFD79B52CD /* libPods.a */; };
/* End PBXBuildFile section */

/* Begin PBXContainerItemProxy section */
		5CBC311D1B3FA6D7002B8051 /* PBXContainerItemProxy */ = {
			isa = PBXContainerItemProxy;
			containerPortal = 5CBC30FF1B3FA6D7002B8051 /* Project object */;
			proxyType = 1;
			remoteGlobalIDString = 5CBC31061B3FA6D7002B8051;
			remoteInfo = SpeakEasyApp;
		};
/* End PBXContainerItemProxy section */

/* Begin PBXFileReference section */
		5C7E78A21B3FA95B007512EA /* Bridge.h */ = {isa = PBXFileReference; lastKnownFileType = sourcecode.c.h; path = Bridge.h; sourceTree = "<group>"; };
		5C7E78A31B3FBC69007512EA /* Utils.swift */ = {isa = PBXFileReference; fileEncoding = 4; lastKnownFileType = sourcecode.swift; path = Utils.swift; sourceTree = "<group>"; };
		5CBC31071B3FA6D7002B8051 /* SpeakEasyApp.app */ = {isa = PBXFileReference; explicitFileType = wrapper.application; includeInIndex = 0; path = SpeakEasyApp.app; sourceTree = BUILT_PRODUCTS_DIR; };
		5CBC310B1B3FA6D7002B8051 /* Info.plist */ = {isa = PBXFileReference; lastKnownFileType = text.plist.xml; path = Info.plist; sourceTree = "<group>"; };
		5CBC310C1B3FA6D7002B8051 /* AppDelegate.swift */ = {isa = PBXFileReference; lastKnownFileType = sourcecode.swift; path = AppDelegate.swift; sourceTree = "<group>"; };
		5CBC310E1B3FA6D7002B8051 /* ViewController.swift */ = {isa = PBXFileReference; lastKnownFileType = sourcecode.swift; path = ViewController.swift; sourceTree = "<group>"; };
		5CBC31111B3FA6D7002B8051 /* Base */ = {isa = PBXFileReference; lastKnownFileType = file.storyboard; name = Base; path = Base.lproj/Main.storyboard; sourceTree = "<group>"; };
		5CBC31131B3FA6D7002B8051 /* Images.xcassets */ = {isa = PBXFileReference; lastKnownFileType = folder.assetcatalog; path = Images.xcassets; sourceTree = "<group>"; };
		5CBC31161B3FA6D7002B8051 /* Base */ = {isa = PBXFileReference; lastKnownFileType = file.xib; name = Base; path = Base.lproj/LaunchScreen.xib; sourceTree = "<group>"; };
		5CBC311C1B3FA6D7002B8051 /* SpeakEasyAppTests.xctest */ = {isa = PBXFileReference; explicitFileType = wrapper.cfbundle; includeInIndex = 0; path = SpeakEasyAppTests.xctest; sourceTree = BUILT_PRODUCTS_DIR; };
		5CBC31211B3FA6D7002B8051 /* Info.plist */ = {isa = PBXFileReference; lastKnownFileType = text.plist.xml; path = Info.plist; sourceTree = "<group>"; };
		5CBC31221B3FA6D7002B8051 /* SpeakEasyAppTests.swift */ = {isa = PBXFileReference; lastKnownFileType = sourcecode.swift; path = SpeakEasyAppTests.swift; sourceTree = "<group>"; };
		5EF324B4FCE7B9668A252388 /* libPods-SpeakEasyApp.a */ = {isa = PBXFileReference; explicitFileType = archive.ar; includeInIndex = 0; path = "libPods-SpeakEasyApp.a"; sourceTree = BUILT_PRODUCTS_DIR; };
		70559194BE410DBFD79B52CD /* libPods.a */ = {isa = PBXFileReference; explicitFileType = archive.ar; includeInIndex = 0; path = libPods.a; sourceTree = BUILT_PRODUCTS_DIR; };
		80A98508D15B81CEB4E3AE12 /* Pods-SpeakEasyApp.debug.xcconfig */ = {isa = PBXFileReference; includeInIndex = 1; lastKnownFileType = text.xcconfig; name = "Pods-SpeakEasyApp.debug.xcconfig"; path = "Pods/Target Support Files/Pods-SpeakEasyApp/Pods-SpeakEasyApp.debug.xcconfig"; sourceTree = "<group>"; };
		81B0EB1394EC6867C7776365 /* Pods-SpeakEasyApp.release.xcconfig */ = {isa = PBXFileReference; includeInIndex = 1; lastKnownFileType = text.xcconfig; name = "Pods-SpeakEasyApp.release.xcconfig"; path = "Pods/Target Support Files/Pods-SpeakEasyApp/Pods-SpeakEasyApp.release.xcconfig"; sourceTree = "<group>"; };
/* End PBXFileReference section */

/* Begin PBXFrameworksBuildPhase section */
		5CBC31041B3FA6D7002B8051 /* Frameworks */ = {
			isa = PBXFrameworksBuildPhase;
			buildActionMask = 2147483647;
			files = (
				6F3933A5A9D87DE4CEAF82B2 /* libPods.a in Frameworks */,
				38B80CBFAD0AACBE939538A1 /* libPods-SpeakEasyApp.a in Frameworks */,
			);
			runOnlyForDeploymentPostprocessing = 0;
		};
		5CBC31191B3FA6D7002B8051 /* Frameworks */ = {
			isa = PBXFrameworksBuildPhase;
			buildActionMask = 2147483647;
			files = (
			);
			runOnlyForDeploymentPostprocessing = 0;
		};
/* End PBXFrameworksBuildPhase section */

/* Begin PBXGroup section */
		4882469461847DD0690565BA /* Pods */ = {
			isa = PBXGroup;
			children = (
				80A98508D15B81CEB4E3AE12 /* Pods-SpeakEasyApp.debug.xcconfig */,
				81B0EB1394EC6867C7776365 /* Pods-SpeakEasyApp.release.xcconfig */,
			);
			name = Pods;
			sourceTree = "<group>";
		};
		48E240F7FCC792130E223E9E /* Frameworks */ = {
			isa = PBXGroup;
			children = (
				70559194BE410DBFD79B52CD /* libPods.a */,
				5EF324B4FCE7B9668A252388 /* libPods-SpeakEasyApp.a */,
			);
			name = Frameworks;
			sourceTree = "<group>";
		};
		5CBC30FE1B3FA6D7002B8051 = {
			isa = PBXGroup;
			children = (
				5CBC31091B3FA6D7002B8051 /* SpeakEasyApp */,
				5CBC311F1B3FA6D7002B8051 /* SpeakEasyAppTests */,
				5CBC31081B3FA6D7002B8051 /* Products */,
				4882469461847DD0690565BA /* Pods */,
				48E240F7FCC792130E223E9E /* Frameworks */,
			);
			sourceTree = "<group>";
		};
		5CBC31081B3FA6D7002B8051 /* Products */ = {
			isa = PBXGroup;
			children = (
				5CBC31071B3FA6D7002B8051 /* SpeakEasyApp.app */,
				5CBC311C1B3FA6D7002B8051 /* SpeakEasyAppTests.xctest */,
			);
			name = Products;
			sourceTree = "<group>";
		};
		5CBC31091B3FA6D7002B8051 /* SpeakEasyApp */ = {
			isa = PBXGroup;
			children = (
				5C7E78A21B3FA95B007512EA /* Bridge.h */,
				5CBC310C1B3FA6D7002B8051 /* AppDelegate.swift */,
				5CBC310E1B3FA6D7002B8051 /* ViewController.swift */,
				5C7E78A31B3FBC69007512EA /* Utils.swift */,
				5CBC31101B3FA6D7002B8051 /* Main.storyboard */,
				5CBC31131B3FA6D7002B8051 /* Images.xcassets */,
				5CBC31151B3FA6D7002B8051 /* LaunchScreen.xib */,
				5CBC310A1B3FA6D7002B8051 /* Supporting Files */,
			);
			path = SpeakEasyApp;
			sourceTree = "<group>";
		};
		5CBC310A1B3FA6D7002B8051 /* Supporting Files */ = {
			isa = PBXGroup;
			children = (
				5CBC310B1B3FA6D7002B8051 /* Info.plist */,
			);
			name = "Supporting Files";
			sourceTree = "<group>";
		};
		5CBC311F1B3FA6D7002B8051 /* SpeakEasyAppTests */ = {
			isa = PBXGroup;
			children = (
				5CBC31221B3FA6D7002B8051 /* SpeakEasyAppTests.swift */,
				5CBC31201B3FA6D7002B8051 /* Supporting Files */,
			);
			path = SpeakEasyAppTests;
			sourceTree = "<group>";
		};
		5CBC31201B3FA6D7002B8051 /* Supporting Files */ = {
			isa = PBXGroup;
			children = (
				5CBC31211B3FA6D7002B8051 /* Info.plist */,
			);
			name = "Supporting Files";
			sourceTree = "<group>";
		};
/* End PBXGroup section */

/* Begin PBXNativeTarget section */
		5CBC31061B3FA6D7002B8051 /* SpeakEasyApp */ = {
			isa = PBXNativeTarget;
			buildConfigurationList = 5CBC31261B3FA6D7002B8051 /* Build configuration list for PBXNativeTarget "SpeakEasyApp" */;
			buildPhases = (
				7EEC26FC0934F5FFBA70F085 /* Check Pods Manifest.lock */,
				5CBC31031B3FA6D7002B8051 /* Sources */,
				5CBC31041B3FA6D7002B8051 /* Frameworks */,
				5CBC31051B3FA6D7002B8051 /* Resources */,
				99012E456C3247A9E439F205 /* Copy Pods Resources */,
			);
			buildRules = (
			);
			dependencies = (
			);
			name = SpeakEasyApp;
			productName = SpeakEasyApp;
			productReference = 5CBC31071B3FA6D7002B8051 /* SpeakEasyApp.app */;
			productType = "com.apple.product-type.application";
		};
		5CBC311B1B3FA6D7002B8051 /* SpeakEasyAppTests */ = {
			isa = PBXNativeTarget;
			buildConfigurationList = 5CBC31291B3FA6D7002B8051 /* Build configuration list for PBXNativeTarget "SpeakEasyAppTests" */;
			buildPhases = (
				5CBC31181B3FA6D7002B8051 /* Sources */,
				5CBC31191B3FA6D7002B8051 /* Frameworks */,
				5CBC311A1B3FA6D7002B8051 /* Resources */,
			);
			buildRules = (
			);
			dependencies = (
				5CBC311E1B3FA6D7002B8051 /* PBXTargetDependency */,
			);
			name = SpeakEasyAppTests;
			productName = SpeakEasyAppTests;
			productReference = 5CBC311C1B3FA6D7002B8051 /* SpeakEasyAppTests.xctest */;
			productType = "com.apple.product-type.bundle.unit-test";
		};
/* End PBXNativeTarget section */

/* Begin PBXProject section */
		5CBC30FF1B3FA6D7002B8051 /* Project object */ = {
			isa = PBXProject;
			attributes = {
				LastUpgradeCheck = 0630;
				ORGANIZATIONNAME = "Matthew Piccolella";
				TargetAttributes = {
					5CBC31061B3FA6D7002B8051 = {
						CreatedOnToolsVersion = 6.3.1;
					};
					5CBC311B1B3FA6D7002B8051 = {
						CreatedOnToolsVersion = 6.3.1;
						TestTargetID = 5CBC31061B3FA6D7002B8051;
					};
				};
			};
			buildConfigurationList = 5CBC31021B3FA6D7002B8051 /* Build configuration list for PBXProject "SpeakEasyApp" */;
			compatibilityVersion = "Xcode 3.2";
			developmentRegion = English;
			hasScannedForEncodings = 0;
			knownRegions = (
				en,
				Base,
			);
			mainGroup = 5CBC30FE1B3FA6D7002B8051;
			productRefGroup = 5CBC31081B3FA6D7002B8051 /* Products */;
			projectDirPath = "";
			projectRoot = "";
			targets = (
				5CBC31061B3FA6D7002B8051 /* SpeakEasyApp */,
				5CBC311B1B3FA6D7002B8051 /* SpeakEasyAppTests */,
			);
		};
/* End PBXProject section */

/* Begin PBXResourcesBuildPhase section */
		5CBC31051B3FA6D7002B8051 /* Resources */ = {
			isa = PBXResourcesBuildPhase;
			buildActionMask = 2147483647;
			files = (
				5CBC31121B3FA6D7002B8051 /* Main.storyboard in Resources */,
				5CBC31171B3FA6D7002B8051 /* LaunchScreen.xib in Resources */,
				5CBC31141B3FA6D7002B8051 /* Images.xcassets in Resources */,
			);
			runOnlyForDeploymentPostprocessing = 0;
		};
		5CBC311A1B3FA6D7002B8051 /* Resources */ = {
			isa = PBXResourcesBuildPhase;
			buildActionMask = 2147483647;
			files = (
			);
			runOnlyForDeploymentPostprocessing = 0;
		};
/* End PBXResourcesBuildPhase section */

/* Begin PBXShellScriptBuildPhase section */
		7EEC26FC0934F5FFBA70F085 /* Check Pods Manifest.lock */ = {
			isa = PBXShellScriptBuildPhase;
			buildActionMask = 2147483647;
			files = (
			);
			inputPaths = (
			);
			name = "Check Pods Manifest.lock";
			outputPaths = (
			);
			runOnlyForDeploymentPostprocessing = 0;
			shellPath = /bin/sh;
			shellScript = "diff \"${PODS_ROOT}/../Podfile.lock\" \"${PODS_ROOT}/Manifest.lock\" > /dev/null\nif [[ $? != 0 ]] ; then\n    cat << EOM\nerror: The sandbox is not in sync with the Podfile.lock. Run 'pod install' or update your CocoaPods installation.\nEOM\n    exit 1\nfi\n";
			showEnvVarsInLog = 0;
		};
		99012E456C3247A9E439F205 /* Copy Pods Resources */ = {
			isa = PBXShellScriptBuildPhase;
			buildActionMask = 2147483647;
			files = (
			);
			inputPaths = (
			);
			name = "Copy Pods Resources";
			outputPaths = (
			);
			runOnlyForDeploymentPostprocessing = 0;
			shellPath = /bin/sh;
			shellScript = "\"${SRCROOT}/Pods/Target Support Files/Pods-SpeakEasyApp/Pods-SpeakEasyApp-resources.sh\"\n";
			showEnvVarsInLog = 0;
		};
/* End PBXShellScriptBuildPhase section */

/* Begin PBXSourcesBuildPhase section */
		5CBC31031B3FA6D7002B8051 /* Sources */ = {
			isa = PBXSourcesBuildPhase;
			buildActionMask = 2147483647;
			files = (
				5CBC310F1B3FA6D7002B8051 /* ViewController.swift in Sources */,
				5CBC310D1B3FA6D7002B8051 /* AppDelegate.swift in Sources */,
				5C7E78A41B3FBC69007512EA /* Utils.swift in Sources */,
			);
			runOnlyForDeploymentPostprocessing = 0;
		};
		5CBC31181B3FA6D7002B8051 /* Sources */ = {
			isa = PBXSourcesBuildPhase;
			buildActionMask = 2147483647;
			files = (
				5CBC31231B3FA6D7002B8051 /* SpeakEasyAppTests.swift in Sources */,
			);
			runOnlyForDeploymentPostprocessing = 0;
		};
/* End PBXSourcesBuildPhase section */

/* Begin PBXTargetDependency section */
		5CBC311E1B3FA6D7002B8051 /* PBXTargetDependency */ = {
			isa = PBXTargetDependency;
			target = 5CBC31061B3FA6D7002B8051 /* SpeakEasyApp */;
			targetProxy = 5CBC311D1B3FA6D7002B8051 /* PBXContainerItemProxy */;
		};
/* End PBXTargetDependency section */

/* Begin PBXVariantGroup section */
		5CBC31101B3FA6D7002B8051 /* Main.storyboard */ = {
			isa = PBXVariantGroup;
			children = (
				5CBC31111B3FA6D7002B8051 /* Base */,
			);
			name = Main.storyboard;
			sourceTree = "<group>";
		};
		5CBC31151B3FA6D7002B8051 /* LaunchScreen.xib */ = {
			isa = PBXVariantGroup;
			children = (
				5CBC31161B3FA6D7002B8051 /* Base */,
			);
			name = LaunchScreen.xib;
			sourceTree = "<group>";
		};
/* End PBXVariantGroup section */

/* Begin XCBuildConfiguration section */
		5CBC31241B3FA6D7002B8051 /* Debug */ = {
			isa = XCBuildConfiguration;
			buildSettings = {
				ALWAYS_SEARCH_USER_PATHS = NO;
				CLANG_CXX_LANGUAGE_STANDARD = "gnu++0x";
				CLANG_CXX_LIBRARY = "libc++";
				CLANG_ENABLE_MODULES = YES;
				CLANG_ENABLE_OBJC_ARC = YES;
				CLANG_WARN_BOOL_CONVERSION = YES;
				CLANG_WARN_CONSTANT_CONVERSION = YES;
				CLANG_WARN_DIRECT_OBJC_ISA_USAGE = YES_ERROR;
				CLANG_WARN_EMPTY_BODY = YES;
				CLANG_WARN_ENUM_CONVERSION = YES;
				CLANG_WARN_INT_CONVERSION = YES;
				CLANG_WARN_OBJC_ROOT_CLASS = YES_ERROR;
				CLANG_WARN_UNREACHABLE_CODE = YES;
				CLANG_WARN__DUPLICATE_METHOD_MATCH = YES;
				"CODE_SIGN_IDENTITY[sdk=iphoneos*]" = "iPhone Developer";
				COPY_PHASE_STRIP = NO;
				DEBUG_INFORMATION_FORMAT = "dwarf-with-dsym";
				ENABLE_STRICT_OBJC_MSGSEND = YES;
				GCC_C_LANGUAGE_STANDARD = gnu99;
				GCC_DYNAMIC_NO_PIC = NO;
				GCC_NO_COMMON_BLOCKS = YES;
				GCC_OPTIMIZATION_LEVEL = 0;
				GCC_PREPROCESSOR_DEFINITIONS = (
					"DEBUG=1",
					"$(inherited)",
				);
				GCC_SYMBOLS_PRIVATE_EXTERN = NO;
				GCC_WARN_64_TO_32_BIT_CONVERSION = YES;
				GCC_WARN_ABOUT_RETURN_TYPE = YES_ERROR;
				GCC_WARN_UNDECLARED_SELECTOR = YES;
				GCC_WARN_UNINITIALIZED_AUTOS = YES_AGGRESSIVE;
				GCC_WARN_UNUSED_FUNCTION = YES;
				GCC_WARN_UNUSED_VARIABLE = YES;
				IPHONEOS_DEPLOYMENT_TARGET = 8.3;
				MTL_ENABLE_DEBUG_INFO = YES;
				ONLY_ACTIVE_ARCH = YES;
				SDKROOT = iphoneos;
				SWIFT_OPTIMIZATION_LEVEL = "-Onone";
			};
			name = Debug;
		};
		5CBC31251B3FA6D7002B8051 /* Release */ = {
			isa = XCBuildConfiguration;
			buildSettings = {
				ALWAYS_SEARCH_USER_PATHS = NO;
				CLANG_CXX_LANGUAGE_STANDARD = "gnu++0x";
				CLANG_CXX_LIBRARY = "libc++";
				CLANG_ENABLE_MODULES = YES;
				CLANG_ENABLE_OBJC_ARC = YES;
				CLANG_WARN_BOOL_CONVERSION = YES;
				CLANG_WARN_CONSTANT_CONVERSION = YES;
				CLANG_WARN_DIRECT_OBJC_ISA_USAGE = YES_ERROR;
				CLANG_WARN_EMPTY_BODY = YES;
				CLANG_WARN_ENUM_CONVERSION = YES;
				CLANG_WARN_INT_CONVERSION = YES;
				CLANG_WARN_OBJC_ROOT_CLASS = YES_ERROR;
				CLANG_WARN_UNREACHABLE_CODE = YES;
				CLANG_WARN__DUPLICATE_METHOD_MATCH = YES;
				"CODE_SIGN_IDENTITY[sdk=iphoneos*]" = "iPhone Developer";
				COPY_PHASE_STRIP = NO;
				DEBUG_INFORMATION_FORMAT = "dwarf-with-dsym";
				ENABLE_NS_ASSERTIONS = NO;
				ENABLE_STRICT_OBJC_MSGSEND = YES;
				GCC_C_LANGUAGE_STANDARD = gnu99;
				GCC_NO_COMMON_BLOCKS = YES;
				GCC_WARN_64_TO_32_BIT_CONVERSION = YES;
				GCC_WARN_ABOUT_RETURN_TYPE = YES_ERROR;
				GCC_WARN_UNDECLARED_SELECTOR = YES;
				GCC_WARN_UNINITIALIZED_AUTOS = YES_AGGRESSIVE;
				GCC_WARN_UNUSED_FUNCTION = YES;
				GCC_WARN_UNUSED_VARIABLE = YES;
				IPHONEOS_DEPLOYMENT_TARGET = 8.3;
				MTL_ENABLE_DEBUG_INFO = NO;
				SDKROOT = iphoneos;
				VALIDATE_PRODUCT = YES;
			};
			name = Release;
		};
		5CBC31271B3FA6D7002B8051 /* Debug */ = {
			isa = XCBuildConfiguration;
			baseConfigurationReference = 80A98508D15B81CEB4E3AE12 /* Pods-SpeakEasyApp.debug.xcconfig */;
			buildSettings = {
				ASSETCATALOG_COMPILER_APPICON_NAME = AppIcon;
				INFOPLIST_FILE = SpeakEasyApp/Info.plist;
				LD_RUNPATH_SEARCH_PATHS = "$(inherited) @executable_path/Frameworks";
				PRODUCT_NAME = "$(TARGET_NAME)";
				SWIFT_OBJC_BRIDGING_HEADER = SpeakEasyApp/Bridge.h;
				"SWIFT_OBJC_BRIDGING_HEADER[arch=*]" = SpeakEasyApp/Bridge.h;
			};
			name = Debug;
		};
		5CBC31281B3FA6D7002B8051 /* Release */ = {
			isa = XCBuildConfiguration;
			baseConfigurationReference = 81B0EB1394EC6867C7776365 /* Pods-SpeakEasyApp.release.xcconfig */;
			buildSettings = {
				ASSETCATALOG_COMPILER_APPICON_NAME = AppIcon;
				INFOPLIST_FILE = SpeakEasyApp/Info.plist;
				LD_RUNPATH_SEARCH_PATHS = "$(inherited) @executable_path/Frameworks";
				PRODUCT_NAME = "$(TARGET_NAME)";
				"SWIFT_OBJC_BRIDGING_HEADER[arch=*]" = "";
			};
			name = Release;
		};
		5CBC312A1B3FA6D7002B8051 /* Debug */ = {
			isa = XCBuildConfiguration;
			buildSettings = {
				BUNDLE_LOADER = "$(TEST_HOST)";
				FRAMEWORK_SEARCH_PATHS = (
					"$(SDKROOT)/Developer/Library/Frameworks",
					"$(inherited)",
				);
				GCC_PREPROCESSOR_DEFINITIONS = (
					"DEBUG=1",
					"$(inherited)",
				);
				INFOPLIST_FILE = SpeakEasyAppTests/Info.plist;
				LD_RUNPATH_SEARCH_PATHS = "$(inherited) @executable_path/Frameworks @loader_path/Frameworks";
				PRODUCT_NAME = "$(TARGET_NAME)";
				TEST_HOST = "$(BUILT_PRODUCTS_DIR)/SpeakEasyApp.app/SpeakEasyApp";
			};
			name = Debug;
		};
		5CBC312B1B3FA6D7002B8051 /* Release */ = {
			isa = XCBuildConfiguration;
			buildSettings = {
				BUNDLE_LOADER = "$(TEST_HOST)";
				FRAMEWORK_SEARCH_PATHS = (
					"$(SDKROOT)/Developer/Library/Frameworks",
					"$(inherited)",
				);
				INFOPLIST_FILE = SpeakEasyAppTests/Info.plist;
				LD_RUNPATH_SEARCH_PATHS = "$(inherited) @executable_path/Frameworks @loader_path/Frameworks";
				PRODUCT_NAME = "$(TARGET_NAME)";
				TEST_HOST = "$(BUILT_PRODUCTS_DIR)/SpeakEasyApp.app/SpeakEasyApp";
			};
			name = Release;
		};
/* End XCBuildConfiguration section */

/* Begin XCConfigurationList section */
		5CBC31021B3FA6D7002B8051 /* Build configuration list for PBXProject "SpeakEasyApp" */ = {
			isa = XCConfigurationList;
			buildConfigurations = (
				5CBC31241B3FA6D7002B8051 /* Debug */,
				5CBC31251B3FA6D7002B8051 /* Release */,
			);
			defaultConfigurationIsVisible = 0;
			defaultConfigurationName = Release;
		};
		5CBC31261B3FA6D7002B8051 /* Build configuration list for PBXNativeTarget "SpeakEasyApp" */ = {
			isa = XCConfigurationList;
			buildConfigurations = (
				5CBC31271B3FA6D7002B8051 /* Debug */,
				5CBC31281B3FA6D7002B8051 /* Release */,
			);
			defaultConfigurationIsVisible = 0;
			defaultConfigurationName = Release;
		};
		5CBC31291B3FA6D7002B8051 /* Build configuration list for PBXNativeTarget "SpeakEasyAppTests" */ = {
			isa = XCConfigurationList;
			buildConfigurations = (
				5CBC312A1B3FA6D7002B8051 /* Debug */,
				5CBC312B1B3FA6D7002B8051 /* Release */,
			);
			defaultConfigurationIsVisible = 0;
			defaultConfigurationName = Release;
		};
/* End XCConfigurationList section */
	};
	rootObject = 5CBC30FF1B3FA6D7002B8051 /* Project object */;
}
